
Microsoft Visual Studio Solution File, Format Version 12.00
# Visual Studio Version 16
VisualStudioVersion = 16.0.30114.105
MinimumVisualStudioVersion = 10.0.40219.1
Project("{FAE04EC0-301F-11D3-BF4B-00C04F79EFBC}") = "FarmGame", "FarmGame\FarmGame.csproj", "{9B35E943-0CD9-4A18-A743-CD8CFA4B1A9D}"
EndProject
Project("{FAE04EC0-301F-11D3-BF4B-00C04F79EFBC}") = "FarmGame.Test", "FarmGame.Test\FarmGame.Test.csproj", "{99402A43-8CE8-49BB-8D79-732F3F26DE58}"
EndProject
Global
	GlobalSection(SolutionConfigurationPlatforms) = preSolution
		Debug|Any CPU = Debug|Any CPU
		Debug|x64 = Debug|x64
		Debug|x86 = Debug|x86
		Release|Any CPU = Release|Any CPU
		Release|x64 = Release|x64
		Release|x86 = Release|x86
	EndGlobalSection
	GlobalSection(SolutionProperties) = preSolution
		HideSolutionNode = FALSE
	EndGlobalSection
	GlobalSection(ProjectConfigurationPlatforms) = postSolution
		{9B35E943-0CD9-4A18-A743-CD8CFA4B1A9D}.Debug|Any CPU.ActiveCfg = Debug|Any CPU
		{9B35E943-0CD9-4A18-A743-CD8CFA4B1A9D}.Debug|Any CPU.Build.0 = Debug|Any CPU
		{9B35E943-0CD9-4A18-A743-CD8CFA4B1A9D}.Debug|x64.ActiveCfg = Debug|Any CPU
		{9B35E943-0CD9-4A18-A743-CD8CFA4B1A9D}.Debug|x64.Build.0 = Debug|Any CPU
		{9B35E943-0CD9-4A18-A743-CD8CFA4B1A9D}.Debug|x86.ActiveCfg = Debug|Any CPU
		{9B35E943-0CD9-4A18-A743-CD8CFA4B1A9D}.Debug|x86.Build.0 = Debug|Any CPU
		{9B35E943-0CD9-4A18-A743-CD8CFA4B1A9D}.Release|Any CPU.ActiveCfg = Release|Any CPU
		{9B35E943-0CD9-4A18-A743-CD8CFA4B1A9D}.Release|Any CPU.Build.0 = Release|Any CPU
		{9B35E943-0CD9-4A18-A743-CD8CFA4B1A9D}.Release|x64.ActiveCfg = Release|Any CPU
		{9B35E943-0CD9-4A18-A743-CD8CFA4B1A9D}.Release|x64.Build.0 = Release|Any CPU
		{9B35E943-0CD9-4A18-A743-CD8CFA4B1A9D}.Release|x86.ActiveCfg = Release|Any CPU
		{9B35E943-0CD9-4A18-A743-CD8CFA4B1A9D}.Release|x86.Build.0 = Release|Any CPU
		{9FA3B092-1856-4FF3-9E52-AFE3D050FABF}.Debug|Any CPU.ActiveCfg = Debug|Any CPU
		{9FA3B092-1856-4FF3-9E52-AFE3D050FABF}.Debug|Any CPU.Build.0 = Debug|Any CPU
		{9FA3B092-1856-4FF3-9E52-AFE3D050FABF}.Debug|x64.ActiveCfg = Debug|Any CPU
		{9FA3B092-1856-4FF3-9E52-AFE3D050FABF}.Debug|x64.Build.0 = Debug|Any CPU
		{9FA3B092-1856-4FF3-9E52-AFE3D050FABF}.Debug|x86.ActiveCfg = Debug|Any CPU
		{9FA3B092-1856-4FF3-9E52-AFE3D050FABF}.Debug|x86.Build.0 = Debug|Any CPU
		{9FA3B092-1856-4FF3-9E52-AFE3D050FABF}.Release|Any CPU.ActiveCfg = Release|Any CPU
		{9FA3B092-1856-4FF3-9E52-AFE3D050FABF}.Release|Any CPU.Build.0 = Release|Any CPU
		{9FA3B092-1856-4FF3-9E52-AFE3D050FABF}.Release|x64.ActiveCfg = Release|Any CPU
		{9FA3B092-1856-4FF3-9E52-AFE3D050FABF}.Release|x64.Build.0 = Release|Any CPU
		{9FA3B092-1856-4FF3-9E52-AFE3D050FABF}.Release|x86.ActiveCfg = Release|Any CPU
		{9FA3B092-1856-4FF3-9E52-AFE3D050FABF}.Release|x86.Build.0 = Release|Any CPU
		{99402A43-8CE8-49BB-8D79-732F3F26DE58}.Debug|Any CPU.ActiveCfg = Debug|Any CPU
		{99402A43-8CE8-49BB-8D79-732F3F26DE58}.Debug|Any CPU.Build.0 = Debug|Any CPU
		{99402A43-8CE8-49BB-8D79-732F3F26DE58}.Debug|x64.ActiveCfg = Debug|Any CPU
		{99402A43-8CE8-49BB-8D79-732F3F26DE58}.Debug|x64.Build.0 = Debug|Any CPU
		{99402A43-8CE8-49BB-8D79-732F3F26DE58}.Debug|x86.ActiveCfg = Debug|Any CPU
		{99402A43-8CE8-49BB-8D79-732F3F26DE58}.Debug|x86.Build.0 = Debug|Any CPU
		{99402A43-8CE8-49BB-8D79-732F3F26DE58}.Release|Any CPU.ActiveCfg = Release|Any CPU
		{99402A43-8CE8-49BB-8D79-732F3F26DE58}.Release|Any CPU.Build.0 = Release|Any CPU
		{99402A43-8CE8-49BB-8D79-732F3F26DE58}.Release|x64.ActiveCfg = Release|Any CPU
		{99402A43-8CE8-49BB-8D79-732F3F26DE58}.Release|x64.Build.0 = Release|Any CPU
		{99402A43-8CE8-49BB-8D79-732F3F26DE58}.Release|x86.ActiveCfg = Release|Any CPU
		{99402A43-8CE8-49BB-8D79-732F3F26DE58}.Release|x86.Build.0 = Release|Any CPU
	EndGlobalSection
EndGlobal
